
Microsoft Visual Studio Solution File, Format Version 11.00
# Visual Studio 2010
Project("{FAE04EC0-301F-11D3-BF4B-00C04F79EFBC}") = "代理模式", "代理模式\代理模式.csproj", "{22349FC1-3143-4123-8144-A97F1042D255}"
EndProject
Global
	GlobalSection(SolutionConfigurationPlatforms) = preSolution
		Debug|x86 = Debug|x86
		Release|x86 = Release|x86
	EndGlobalSection
	GlobalSection(ProjectConfigurationPlatforms) = postSolution
		{22349FC1-3143-4123-8144-A97F1042D255}.Debug|x86.ActiveCfg = Debug|x86
		{22349FC1-3143-4123-8144-A97F1042D255}.Debug|x86.Build.0 = Debug|x86
		{22349FC1-3143-4123-8144-A97F1042D255}.Release|x86.ActiveCfg = Release|x86
		{22349FC1-3143-4123-8144-A97F1042D255}.Release|x86.Build.0 = Release|x86
	EndGlobalSection
	GlobalSection(SolutionProperties) = preSolution
		HideSolutionNode = FALSE
	EndGlobalSection
EndGlobal
